
Microsoft Visual Studio Solution File, Format Version 12.00
# Visual Studio 15
VisualStudioVersion = 15.0.28307.1231
MinimumVisualStudioVersion = 10.0.40219.1
Project("{FAE04EC0-301F-11D3-BF4B-00C04F79EFBC}") = "QuoraApp.DomainModels", "..\QuoraApp.DomainModels\QuoraApp.DomainModels.csproj", "{67AC49E9-F711-4118-A767-BC258453B1EF}"
EndProject
Project("{FAE04EC0-301F-11D3-BF4B-00C04F79EFBC}") = "QuoraApp.ServiceLayer", "QuoraApp.ServiceLayer\QuoraApp.ServiceLayer.csproj", "{D9174330-7879-4F08-A016-314D72B47242}"
EndProject
Project("{FAE04EC0-301F-11D3-BF4B-00C04F79EFBC}") = "QuoraApp.ViewModels", "QuoraApp.ViewModels\QuoraApp.ViewModels.csproj", "{B4425F73-A257-4A62-BCAF-60C72D14DDC0}"
EndProject
Project("{FAE04EC0-301F-11D3-BF4B-00C04F79EFBC}") = "QuoraApp.UI", "QuoraApp.UI\QuoraApp.UI.csproj", "{0449FC98-51AC-4866-A803-760BB810482F}"
EndProject
Project("{FAE04EC0-301F-11D3-BF4B-00C04F79EFBC}") = "QuoraApp.Repository", "QuoraApp.Repository\QuoraApp.Repository.csproj", "{EBC18F3B-F4D2-434C-BDED-97AECE9007BD}"
EndProject
Global
	GlobalSection(SolutionConfigurationPlatforms) = preSolution
		Debug|Any CPU = Debug|Any CPU
		Release|Any CPU = Release|Any CPU
	EndGlobalSection
	GlobalSection(ProjectConfigurationPlatforms) = postSolution
		{67AC49E9-F711-4118-A767-BC258453B1EF}.Debug|Any CPU.ActiveCfg = Debug|Any CPU
		{67AC49E9-F711-4118-A767-BC258453B1EF}.Debug|Any CPU.Build.0 = Debug|Any CPU
		{67AC49E9-F711-4118-A767-BC258453B1EF}.Release|Any CPU.ActiveCfg = Release|Any CPU
		{67AC49E9-F711-4118-A767-BC258453B1EF}.Release|Any CPU.Build.0 = Release|Any CPU
		{D9174330-7879-4F08-A016-314D72B47242}.Debug|Any CPU.ActiveCfg = Debug|Any CPU
		{D9174330-7879-4F08-A016-314D72B47242}.Debug|Any CPU.Build.0 = Debug|Any CPU
		{D9174330-7879-4F08-A016-314D72B47242}.Release|Any CPU.ActiveCfg = Release|Any CPU
		{D9174330-7879-4F08-A016-314D72B47242}.Release|Any CPU.Build.0 = Release|Any CPU
		{B4425F73-A257-4A62-BCAF-60C72D14DDC0}.Debug|Any CPU.ActiveCfg = Debug|Any CPU
		{B4425F73-A257-4A62-BCAF-60C72D14DDC0}.Debug|Any CPU.Build.0 = Debug|Any CPU
		{B4425F73-A257-4A62-BCAF-60C72D14DDC0}.Release|Any CPU.ActiveCfg = Release|Any CPU
		{B4425F73-A257-4A62-BCAF-60C72D14DDC0}.Release|Any CPU.Build.0 = Release|Any CPU
		{0449FC98-51AC-4866-A803-760BB810482F}.Debug|Any CPU.ActiveCfg = Debug|Any CPU
		{0449FC98-51AC-4866-A803-760BB810482F}.Debug|Any CPU.Build.0 = Debug|Any CPU
		{0449FC98-51AC-4866-A803-760BB810482F}.Release|Any CPU.ActiveCfg = Release|Any CPU
		{0449FC98-51AC-4866-A803-760BB810482F}.Release|Any CPU.Build.0 = Release|Any CPU
		{EBC18F3B-F4D2-434C-BDED-97AECE9007BD}.Debug|Any CPU.ActiveCfg = Debug|Any CPU
		{EBC18F3B-F4D2-434C-BDED-97AECE9007BD}.Debug|Any CPU.Build.0 = Debug|Any CPU
		{EBC18F3B-F4D2-434C-BDED-97AECE9007BD}.Release|Any CPU.ActiveCfg = Release|Any CPU
		{EBC18F3B-F4D2-434C-BDED-97AECE9007BD}.Release|Any CPU.Build.0 = Release|Any CPU
	EndGlobalSection
	GlobalSection(SolutionProperties) = preSolution
		HideSolutionNode = FALSE
	EndGlobalSection
	GlobalSection(ExtensibilityGlobals) = postSolution
		SolutionGuid = {CEAA29A3-C3A6-4F0B-991F-0F953C66EAD6}
	EndGlobalSection
EndGlobal
